
Microsoft Visual Studio Solution File, Format Version 12.00
# Visual Studio 14
VisualStudioVersion = 14.0.25420.1
MinimumVisualStudioVersion = 10.0.40219.1
Project("{FAE04EC0-301F-11D3-BF4B-00C04F79EFBC}") = "TheCar", "TheCar\TheCar.csproj", "{95DA7024-63A8-479D-977B-50A97AE07746}"
EndProject
Project("{FAE04EC0-301F-11D3-BF4B-00C04F79EFBC}") = "TheCar.Core", "TheCar.Core\TheCar.Core.csproj", "{D0B3417B-B75B-40B8-B80C-B55186809FB9}"
EndProject
Project("{FAE04EC0-301F-11D3-BF4B-00C04F79EFBC}") = "TheCar.Data", "TheCar.Data\TheCar.Data.csproj", "{1AAD6B90-5918-421D-BE0D-1CA894CDDEEB}"
EndProject
Project("{FAE04EC0-301F-11D3-BF4B-00C04F79EFBC}") = "UnitTestCar", "UnitTestCar\UnitTestCar.csproj", "{9A171802-FFFF-4ECC-8CD1-1225DE5AD0E8}"
EndProject
Global
	GlobalSection(SolutionConfigurationPlatforms) = preSolution
		Debug|Any CPU = Debug|Any CPU
		Release|Any CPU = Release|Any CPU
	EndGlobalSection
	GlobalSection(ProjectConfigurationPlatforms) = postSolution
		{95DA7024-63A8-479D-977B-50A97AE07746}.Debug|Any CPU.ActiveCfg = Debug|Any CPU
		{95DA7024-63A8-479D-977B-50A97AE07746}.Debug|Any CPU.Build.0 = Debug|Any CPU
		{95DA7024-63A8-479D-977B-50A97AE07746}.Release|Any CPU.ActiveCfg = Release|Any CPU
		{95DA7024-63A8-479D-977B-50A97AE07746}.Release|Any CPU.Build.0 = Release|Any CPU
		{D0B3417B-B75B-40B8-B80C-B55186809FB9}.Debug|Any CPU.ActiveCfg = Debug|Any CPU
		{D0B3417B-B75B-40B8-B80C-B55186809FB9}.Debug|Any CPU.Build.0 = Debug|Any CPU
		{D0B3417B-B75B-40B8-B80C-B55186809FB9}.Release|Any CPU.ActiveCfg = Release|Any CPU
		{D0B3417B-B75B-40B8-B80C-B55186809FB9}.Release|Any CPU.Build.0 = Release|Any CPU
		{1AAD6B90-5918-421D-BE0D-1CA894CDDEEB}.Debug|Any CPU.ActiveCfg = Debug|Any CPU
		{1AAD6B90-5918-421D-BE0D-1CA894CDDEEB}.Debug|Any CPU.Build.0 = Debug|Any CPU
		{1AAD6B90-5918-421D-BE0D-1CA894CDDEEB}.Release|Any CPU.ActiveCfg = Release|Any CPU
		{1AAD6B90-5918-421D-BE0D-1CA894CDDEEB}.Release|Any CPU.Build.0 = Release|Any CPU
		{9A171802-FFFF-4ECC-8CD1-1225DE5AD0E8}.Debug|Any CPU.ActiveCfg = Debug|Any CPU
		{9A171802-FFFF-4ECC-8CD1-1225DE5AD0E8}.Debug|Any CPU.Build.0 = Debug|Any CPU
		{9A171802-FFFF-4ECC-8CD1-1225DE5AD0E8}.Release|Any CPU.ActiveCfg = Release|Any CPU
		{9A171802-FFFF-4ECC-8CD1-1225DE5AD0E8}.Release|Any CPU.Build.0 = Release|Any CPU
	EndGlobalSection
	GlobalSection(SolutionProperties) = preSolution
		HideSolutionNode = FALSE
	EndGlobalSection
EndGlobal
